// !$*UTF8*$!
{
	archiveVersion = 1;
	classes = {
	};
	objectVersion = 77;
	objects = {

/* Begin PBXContainerItemProxy section */
		6E6482E82DCEB1EE00C60820 /* PBXContainerItemProxy */ = {
			isa = PBXContainerItemProxy;
			containerPortal = 6E6482D22DCEB1ED00C60820 /* Project object */;
			proxyType = 1;
			remoteGlobalIDString = 6E6482D92DCEB1ED00C60820;
			remoteInfo = CustomButton;
		};
		6E6482F22DCEB1EE00C60820 /* PBXContainerItemProxy */ = {
			isa = PBXContainerItemProxy;
			containerPortal = 6E6482D22DCEB1ED00C60820 /* Project object */;
			proxyType = 1;
			remoteGlobalIDString = 6E6482D92DCEB1ED00C60820;
			remoteInfo = CustomButton;
		};
/* End PBXContainerItemProxy section */

/* Begin PBXFileReference section */
		6E6482DA2DCEB1ED00C60820 /* CustomButton.app */ = {isa = PBXFileReference; explicitFileType = wrapper.application; includeInIndex = 0; path = CustomButton.app; sourceTree = BUILT_PRODUCTS_DIR; };
		6E6482E72DCEB1EE00C60820 /* CustomButtonTests.xctest */ = {isa = PBXFileReference; explicitFileType = wrapper.cfbundle; includeInIndex = 0; path = CustomButtonTests.xctest; sourceTree = BUILT_PRODUCTS_DIR; };
		6E6482F12DCEB1EE00C60820 /* CustomButtonUITests.xctest */ = {isa = PBXFileReference; explicitFileType = wrapper.cfbundle; includeInIndex = 0; path = CustomButtonUITests.xctest; sourceTree = BUILT_PRODUCTS_DIR; };
/* End PBXFileReference section */

/* Begin PBXFileSystemSynchronizedRootGroup section */
		6E6482DC2DCEB1ED00C60820 /* CustomButton */ = {
			isa = PBXFileSystemSynchronizedRootGroup;
			path = CustomButton;
			sourceTree = "<group>";
		};
		6E6482EA2DCEB1EE00C60820 /* CustomButtonTests */ = {
			isa = PBXFileSystemSynchronizedRootGroup;
			path = CustomButtonTests;
			sourceTree = "<group>";
		};
		6E6482F42DCEB1EE00C60820 /* CustomButtonUITests */ = {
			isa = PBXFileSystemSynchronizedRootGroup;
			path = CustomButtonUITests;
			sourceTree = "<group>";
		};
/* End PBXFileSystemSynchronizedRootGroup section */

/* Begin PBXFrameworksBuildPhase section */
		6E6482D72DCEB1ED00C60820 /* Frameworks */ = {
			isa = PBXFrameworksBuildPhase;
			buildActionMask = 2147483647;
			files = (
			);
			runOnlyForDeploymentPostprocessing = 0;
		};
		6E6482E42DCEB1EE00C60820 /* Frameworks */ = {
			isa = PBXFrameworksBuildPhase;
			buildActionMask = 2147483647;
			files = (
			);
			runOnlyForDeploymentPostprocessing = 0;
		};
		6E6482EE2DCEB1EE00C60820 /* Frameworks */ = {
			isa = PBXFrameworksBuildPhase;
			buildActionMask = 2147483647;
			files = (
			);
			runOnlyForDeploymentPostprocessing = 0;
		};
/* End PBXFrameworksBuildPhase section */

/* Begin PBXGroup section */
		6E6482D12DCEB1ED00C60820 = {
			isa = PBXGroup;
			children = (
				6E6482DC2DCEB1ED00C60820 /* CustomButton */,
				6E6482EA2DCEB1EE00C60820 /* CustomButtonTests */,
				6E6482F42DCEB1EE00C60820 /* CustomButtonUITests */,
				6E6482DB2DCEB1ED00C60820 /* Products */,
			);
			sourceTree = "<group>";
		};
		6E6482DB2DCEB1ED00C60820 /* Products */ = {
			isa = PBXGroup;
			children = (
				6E6482DA2DCEB1ED00C60820 /* CustomButton.app */,
				6E6482E72DCEB1EE00C60820 /* CustomButtonTests.xctest */,
				6E6482F12DCEB1EE00C60820 /* CustomButtonUITests.xctest */,
			);
			name = Products;
			sourceTree = "<group>";
		};
/* End PBXGroup section */

/* Begin PBXNativeTarget section */
		6E6482D92DCEB1ED00C60820 /* CustomButton */ = {
			isa = PBXNativeTarget;
			buildConfigurationList = 6E6482FB2DCEB1EE00C60820 /* Build configuration list for PBXNativeTarget "CustomButton" */;
			buildPhases = (
				6E6482D62DCEB1ED00C60820 /* Sources */,
				6E6482D72DCEB1ED00C60820 /* Frameworks */,
				6E6482D82DCEB1ED00C60820 /* Resources */,
			);
			buildRules = (
			);
			dependencies = (
			);
			fileSystemSynchronizedGroups = (
				6E6482DC2DCEB1ED00C60820 /* CustomButton */,
			);
			name = CustomButton;
			packageProductDependencies = (
			);
			productName = CustomButton;
			productReference = 6E6482DA2DCEB1ED00C60820 /* CustomButton.app */;
			productType = "com.apple.product-type.application";
		};
		6E6482E62DCEB1EE00C60820 /* CustomButtonTests */ = {
			isa = PBXNativeTarget;
			buildConfigurationList = 6E6482FE2DCEB1EE00C60820 /* Build configuration list for PBXNativeTarget "CustomButtonTests" */;
			buildPhases = (
				6E6482E32DCEB1EE00C60820 /* Sources */,
				6E6482E42DCEB1EE00C60820 /* Frameworks */,
				6E6482E52DCEB1EE00C60820 /* Resources */,
			);
			buildRules = (
			);
			dependencies = (
				6E6482E92DCEB1EE00C60820 /* PBXTargetDependency */,
			);
			fileSystemSynchronizedGroups = (
				6E6482EA2DCEB1EE00C60820 /* CustomButtonTests */,
			);
			name = CustomButtonTests;
			packageProductDependencies = (
			);
			productName = CustomButtonTests;
			productReference = 6E6482E72DCEB1EE00C60820 /* CustomButtonTests.xctest */;
			productType = "com.apple.product-type.bundle.unit-test";
		};
		6E6482F02DCEB1EE00C60820 /* CustomButtonUITests */ = {
			isa = PBXNativeTarget;
			buildConfigurationList = 6E6483012DCEB1EE00C60820 /* Build configuration list for PBXNativeTarget "CustomButtonUITests" */;
			buildPhases = (
				6E6482ED2DCEB1EE00C60820 /* Sources */,
				6E6482EE2DCEB1EE00C60820 /* Frameworks */,
				6E6482EF2DCEB1EE00C60820 /* Resources */,
			);
			buildRules = (
			);
			dependencies = (
				6E6482F32DCEB1EE00C60820 /* PBXTargetDependency */,
			);
			fileSystemSynchronizedGroups = (
				6E6482F42DCEB1EE00C60820 /* CustomButtonUITests */,
			);
			name = CustomButtonUITests;
			packageProductDependencies = (
			);
			productName = CustomButtonUITests;
			productReference = 6E6482F12DCEB1EE00C60820 /* CustomButtonUITests.xctest */;
			productType = "com.apple.product-type.bundle.ui-testing";
		};
/* End PBXNativeTarget section */

/* Begin PBXProject section */
		6E6482D22DCEB1ED00C60820 /* Project object */ = {
			isa = PBXProject;
			attributes = {
				BuildIndependentTargetsInParallel = 1;
				LastSwiftUpdateCheck = 1630;
				LastUpgradeCheck = 1630;
				TargetAttributes = {
					6E6482D92DCEB1ED00C60820 = {
						CreatedOnToolsVersion = 16.3;
					};
					6E6482E62DCEB1EE00C60820 = {
						CreatedOnToolsVersion = 16.3;
						TestTargetID = 6E6482D92DCEB1ED00C60820;
					};
					6E6482F02DCEB1EE00C60820 = {
						CreatedOnToolsVersion = 16.3;
						TestTargetID = 6E6482D92DCEB1ED00C60820;
					};
				};
			};
			buildConfigurationList = 6E6482D52DCEB1ED00C60820 /* Build configuration list for PBXProject "CustomButton" */;
			developmentRegion = en;
			hasScannedForEncodings = 0;
			knownRegions = (
				en,
				Base,
			);
			mainGroup = 6E6482D12DCEB1ED00C60820;
			minimizedProjectReferenceProxies = 1;
			preferredProjectObjectVersion = 77;
			productRefGroup = 6E6482DB2DCEB1ED00C60820 /* Products */;
			projectDirPath = "";
			projectRoot = "";
			targets = (
				6E6482D92DCEB1ED00C60820 /* CustomButton */,
				6E6482E62DCEB1EE00C60820 /* CustomButtonTests */,
				6E6482F02DCEB1EE00C60820 /* CustomButtonUITests */,
			);
		};
/* End PBXProject section */

/* Begin PBXResourcesBuildPhase section */
		6E6482D82DCEB1ED00C60820 /* Resources */ = {
			isa = PBXResourcesBuildPhase;
			buildActionMask = 2147483647;
			files = (
			);
			runOnlyForDeploymentPostprocessing = 0;
		};
		6E6482E52DCEB1EE00C60820 /* Resources */ = {
			isa = PBXResourcesBuildPhase;
			buildActionMask = 2147483647;
			files = (
			);
			runOnlyForDeploymentPostprocessing = 0;
		};
		6E6482EF2DCEB1EE00C60820 /* Resources */ = {
			isa = PBXResourcesBuildPhase;
			buildActionMask = 2147483647;
			files = (
			);
			runOnlyForDeploymentPostprocessing = 0;
		};
/* End PBXResourcesBuildPhase section */

/* Begin PBXSourcesBuildPhase section */
		6E6482D62DCEB1ED00C60820 /* Sources */ = {
			isa = PBXSourcesBuildPhase;
			buildActionMask = 2147483647;
			files = (
			);
			runOnlyForDeploymentPostprocessing = 0;
		};
		6E6482E32DCEB1EE00C60820 /* Sources */ = {
			isa = PBXSourcesBuildPhase;
			buildActionMask = 2147483647;
			files = (
			);
			runOnlyForDeploymentPostprocessing = 0;
		};
		6E6482ED2DCEB1EE00C60820 /* Sources */ = {
			isa = PBXSourcesBuildPhase;
			buildActionMask = 2147483647;
			files = (
			);
			runOnlyForDeploymentPostprocessing = 0;
		};
/* End PBXSourcesBuildPhase section */

/* Begin PBXTargetDependency section */
		6E6482E92DCEB1EE00C60820 /* PBXTargetDependency */ = {
			isa = PBXTargetDependency;
			target = 6E6482D92DCEB1ED00C60820 /* CustomButton */;
			targetProxy = 6E6482E82DCEB1EE00C60820 /* PBXContainerItemProxy */;
		};
		6E6482F32DCEB1EE00C60820 /* PBXTargetDependency */ = {
			isa = PBXTargetDependency;
			target = 6E6482D92DCEB1ED00C60820 /* CustomButton */;
			targetProxy = 6E6482F22DCEB1EE00C60820 /* PBXContainerItemProxy */;
		};
/* End PBXTargetDependency section */

/* Begin XCBuildConfiguration section */
		6E6482F92DCEB1EE00C60820 /* Debug */ = {
			isa = XCBuildConfiguration;
			buildSettings = {
				ALWAYS_SEARCH_USER_PATHS = NO;
				ASSETCATALOG_COMPILER_GENERATE_SWIFT_ASSET_SYMBOL_EXTENSIONS = YES;
				CLANG_ANALYZER_NONNULL = YES;
				CLANG_ANALYZER_NUMBER_OBJECT_CONVERSION = YES_AGGRESSIVE;
				CLANG_CXX_LANGUAGE_STANDARD = "gnu++20";
				CLANG_ENABLE_MODULES = YES;
				CLANG_ENABLE_OBJC_ARC = YES;
				CLANG_ENABLE_OBJC_WEAK = YES;
				CLANG_WARN_BLOCK_CAPTURE_AUTORELEASING = YES;
				CLANG_WARN_BOOL_CONVERSION = YES;
				CLANG_WARN_COMMA = YES;
				CLANG_WARN_CONSTANT_CONVERSION = YES;
				CLANG_WARN_DEPRECATED_OBJC_IMPLEMENTATIONS = YES;
				CLANG_WARN_DIRECT_OBJC_ISA_USAGE = YES_ERROR;
				CLANG_WARN_DOCUMENTATION_COMMENTS = YES;
				CLANG_WARN_EMPTY_BODY = YES;
				CLANG_WARN_ENUM_CONVERSION = YES;
				CLANG_WARN_INFINITE_RECURSION = YES;
				CLANG_WARN_INT_CONVERSION = YES;
				CLANG_WARN_NON_LITERAL_NULL_CONVERSION = YES;
				CLANG_WARN_OBJC_IMPLICIT_RETAIN_SELF = YES;
				CLANG_WARN_OBJC_LITERAL_CONVERSION = YES;
				CLANG_WARN_OBJC_ROOT_CLASS = YES_ERROR;
				CLANG_WARN_QUOTED_INCLUDE_IN_FRAMEWORK_HEADER = YES;
				CLANG_WARN_RANGE_LOOP_ANALYSIS = YES;
				CLANG_WARN_STRICT_PROTOTYPES = YES;
				CLANG_WARN_SUSPICIOUS_MOVE = YES;
				CLANG_WARN_UNGUARDED_AVAILABILITY = YES_AGGRESSIVE;
				CLANG_WARN_UNREACHABLE_CODE = YES;
				CLANG_WARN__DUPLICATE_METHOD_MATCH = YES;
				COPY_PHASE_STRIP = NO;
				DEBUG_INFORMATION_FORMAT = dwarf;
				ENABLE_STRICT_OBJC_MSGSEND = YES;
				ENABLE_TESTABILITY = YES;
				ENABLE_USER_SCRIPT_SANDBOXING = YES;
				GCC_C_LANGUAGE_STANDARD = gnu17;
				GCC_DYNAMIC_NO_PIC = NO;
				GCC_NO_COMMON_BLOCKS = YES;
				GCC_OPTIMIZATION_LEVEL = 0;
				GCC_PREPROCESSOR_DEFINITIONS = (
					"DEBUG=1",
					"$(inherited)",
				);
				GCC_WARN_64_TO_32_BIT_CONVERSION = YES;
				GCC_WARN_ABOUT_RETURN_TYPE = YES_ERROR;
				GCC_WARN_UNDECLARED_SELECTOR = YES;
				GCC_WARN_UNINITIALIZED_AUTOS = YES_AGGRESSIVE;
				GCC_WARN_UNUSED_FUNCTION = YES;
				GCC_WARN_UNUSED_VARIABLE = YES;
				IPHONEOS_DEPLOYMENT_TARGET = 18.4;
				LOCALIZATION_PREFERS_STRING_CATALOGS = YES;
				MTL_ENABLE_DEBUG_INFO = INCLUDE_SOURCE;
				MTL_FAST_MATH = YES;
				ONLY_ACTIVE_ARCH = YES;
				SDKROOT = iphoneos;
				SWIFT_ACTIVE_COMPILATION_CONDITIONS = "DEBUG $(inherited)";
				SWIFT_OPTIMIZATION_LEVEL = "-Onone";
			};
			name = Debug;
		};
		6E6482FA2DCEB1EE00C60820 /* Release */ = {
			isa = XCBuildConfiguration;
			buildSettings = {
				ALWAYS_SEARCH_USER_PATHS = NO;
				ASSETCATALOG_COMPILER_GENERATE_SWIFT_ASSET_SYMBOL_EXTENSIONS = YES;
				CLANG_ANALYZER_NONNULL = YES;
				CLANG_ANALYZER_NUMBER_OBJECT_CONVERSION = YES_AGGRESSIVE;
				CLANG_CXX_LANGUAGE_STANDARD = "gnu++20";
				CLANG_ENABLE_MODULES = YES;
				CLANG_ENABLE_OBJC_ARC = YES;
				CLANG_ENABLE_OBJC_WEAK = YES;
				CLANG_WARN_BLOCK_CAPTURE_AUTORELEASING = YES;
				CLANG_WARN_BOOL_CONVERSION = YES;
				CLANG_WARN_COMMA = YES;
				CLANG_WARN_CONSTANT_CONVERSION = YES;
				CLANG_WARN_DEPRECATED_OBJC_IMPLEMENTATIONS = YES;
				CLANG_WARN_DIRECT_OBJC_ISA_USAGE = YES_ERROR;
				CLANG_WARN_DOCUMENTATION_COMMENTS = YES;
				CLANG_WARN_EMPTY_BODY = YES;
				CLANG_WARN_ENUM_CONVERSION = YES;
				CLANG_WARN_INFINITE_RECURSION = YES;
				CLANG_WARN_INT_CONVERSION = YES;
				CLANG_WARN_NON_LITERAL_NULL_CONVERSION = YES;
				CLANG_WARN_OBJC_IMPLICIT_RETAIN_SELF = YES;
				CLANG_WARN_OBJC_LITERAL_CONVERSION = YES;
				CLANG_WARN_OBJC_ROOT_CLASS = YES_ERROR;
				CLANG_WARN_QUOTED_INCLUDE_IN_FRAMEWORK_HEADER = YES;
				CLANG_WARN_RANGE_LOOP_ANALYSIS = YES;
				CLANG_WARN_STRICT_PROTOTYPES = YES;
				CLANG_WARN_SUSPICIOUS_MOVE = YES;
				CLANG_WARN_UNGUARDED_AVAILABILITY = YES_AGGRESSIVE;
				CLANG_WARN_UNREACHABLE_CODE = YES;
				CLANG_WARN__DUPLICATE_METHOD_MATCH = YES;
				COPY_PHASE_STRIP = NO;
				DEBUG_INFORMATION_FORMAT = "dwarf-with-dsym";
				ENABLE_NS_ASSERTIONS = NO;
				ENABLE_STRICT_OBJC_MSGSEND = YES;
				ENABLE_USER_SCRIPT_SANDBOXING = YES;
				GCC_C_LANGUAGE_STANDARD = gnu17;
				GCC_NO_COMMON_BLOCKS = YES;
				GCC_WARN_64_TO_32_BIT_CONVERSION = YES;
				GCC_WARN_ABOUT_RETURN_TYPE = YES_ERROR;
				GCC_WARN_UNDECLARED_SELECTOR = YES;
				GCC_WARN_UNINITIALIZED_AUTOS = YES_AGGRESSIVE;
				GCC_WARN_UNUSED_FUNCTION = YES;
				GCC_WARN_UNUSED_VARIABLE = YES;
				IPHONEOS_DEPLOYMENT_TARGET = 18.4;
				LOCALIZATION_PREFERS_STRING_CATALOGS = YES;
				MTL_ENABLE_DEBUG_INFO = NO;
				MTL_FAST_MATH = YES;
				SDKROOT = iphoneos;
				SWIFT_COMPILATION_MODE = wholemodule;
				VALIDATE_PRODUCT = YES;
			};
			name = Release;
		};
		6E6482FC2DCEB1EE00C60820 /* Debug */ = {
			isa = XCBuildConfiguration;
			buildSettings = {
				ASSETCATALOG_COMPILER_APPICON_NAME = AppIcon;
				ASSETCATALOG_COMPILER_GLOBAL_ACCENT_COLOR_NAME = AccentColor;
				CODE_SIGN_STYLE = Automatic;
				CURRENT_PROJECT_VERSION = 1;
				ENABLE_PREVIEWS = YES;
				GENERATE_INFOPLIST_FILE = YES;
				INFOPLIST_KEY_UIApplicationSceneManifest_Generation = YES;
				INFOPLIST_KEY_UIApplicationSupportsIndirectInputEvents = YES;
				INFOPLIST_KEY_UILaunchScreen_Generation = YES;
				INFOPLIST_KEY_UISupportedInterfaceOrientations_iPad = "UIInterfaceOrientationPortrait UIInterfaceOrientationPortraitUpsideDown UIInterfaceOrientationLandscapeLeft UIInterfaceOrientationLandscapeRight";
				INFOPLIST_KEY_UISupportedInterfaceOrientations_iPhone = "UIInterfaceOrientationPortrait UIInterfaceOrientationLandscapeLeft UIInterfaceOrientationLandscapeRight";
				LD_RUNPATH_SEARCH_PATHS = (
					"$(inherited)",
					"@executable_path/Frameworks",
				);
				MARKETING_VERSION = 1.0;
				PRODUCT_BUNDLE_IDENTIFIER = com.prahlad.CustomButton;
				PRODUCT_NAME = "$(TARGET_NAME)";
				SWIFT_EMIT_LOC_STRINGS = YES;
				SWIFT_VERSION = 5.0;
				TARGETED_DEVICE_FAMILY = "1,2";
			};
			name = Debug;
		};
		6E6482FD2DCEB1EE00C60820 /* Release */ = {
			isa = XCBuildConfiguration;
			buildSettings = {
				ASSETCATALOG_COMPILER_APPICON_NAME = AppIcon;
				ASSETCATALOG_COMPILER_GLOBAL_ACCENT_COLOR_NAME = AccentColor;
				CODE_SIGN_STYLE = Automatic;
				CURRENT_PROJECT_VERSION = 1;
				ENABLE_PREVIEWS = YES;
				GENERATE_INFOPLIST_FILE = YES;
				INFOPLIST_KEY_UIApplicationSceneManifest_Generation = YES;
				INFOPLIST_KEY_UIApplicationSupportsIndirectInputEvents = YES;
				INFOPLIST_KEY_UILaunchScreen_Generation = YES;
				INFOPLIST_KEY_UISupportedInterfaceOrientations_iPad = "UIInterfaceOrientationPortrait UIInterfaceOrientationPortraitUpsideDown UIInterfaceOrientationLandscapeLeft UIInterfaceOrientationLandscapeRight";
				INFOPLIST_KEY_UISupportedInterfaceOrientations_iPhone = "UIInterfaceOrientationPortrait UIInterfaceOrientationLandscapeLeft UIInterfaceOrientationLandscapeRight";
				LD_RUNPATH_SEARCH_PATHS = (
					"$(inherited)",
					"@executable_path/Frameworks",
				);
				MARKETING_VERSION = 1.0;
				PRODUCT_BUNDLE_IDENTIFIER = com.prahlad.CustomButton;
				PRODUCT_NAME = "$(TARGET_NAME)";
				SWIFT_EMIT_LOC_STRINGS = YES;
				SWIFT_VERSION = 5.0;
				TARGETED_DEVICE_FAMILY = "1,2";
			};
			name = Release;
		};
		6E6482FF2DCEB1EE00C60820 /* Debug */ = {
			isa = XCBuildConfiguration;
			buildSettings = {
				BUNDLE_LOADER = "$(TEST_HOST)";
				CODE_SIGN_STYLE = Automatic;
				CURRENT_PROJECT_VERSION = 1;
				GENERATE_INFOPLIST_FILE = YES;
				IPHONEOS_DEPLOYMENT_TARGET = 18.4;
				MARKETING_VERSION = 1.0;
				PRODUCT_BUNDLE_IDENTIFIER = com.prahlad.CustomButtonTests;
				PRODUCT_NAME = "$(TARGET_NAME)";
				SWIFT_EMIT_LOC_STRINGS = NO;
				SWIFT_VERSION = 5.0;
				TARGETED_DEVICE_FAMILY = "1,2";
				TEST_HOST = "$(BUILT_PRODUCTS_DIR)/CustomButton.app/$(BUNDLE_EXECUTABLE_FOLDER_PATH)/CustomButton";
			};
			name = Debug;
		};
		6E6483002DCEB1EE00C60820 /* Release */ = {
			isa = XCBuildConfiguration;
			buildSettings = {
				BUNDLE_LOADER = "$(TEST_HOST)";
				CODE_SIGN_STYLE = Automatic;
				CURRENT_PROJECT_VERSION = 1;
				GENERATE_INFOPLIST_FILE = YES;
				IPHONEOS_DEPLOYMENT_TARGET = 18.4;
				MARKETING_VERSION = 1.0;
				PRODUCT_BUNDLE_IDENTIFIER = com.prahlad.CustomButtonTests;
				PRODUCT_NAME = "$(TARGET_NAME)";
				SWIFT_EMIT_LOC_STRINGS = NO;
				SWIFT_VERSION = 5.0;
				TARGETED_DEVICE_FAMILY = "1,2";
				TEST_HOST = "$(BUILT_PRODUCTS_DIR)/CustomButton.app/$(BUNDLE_EXECUTABLE_FOLDER_PATH)/CustomButton";
			};
			name = Release;
		};
		6E6483022DCEB1EE00C60820 /* Debug */ = {
			isa = XCBuildConfiguration;
			buildSettings = {
				CODE_SIGN_STYLE = Automatic;
				CURRENT_PROJECT_VERSION = 1;
				GENERATE_INFOPLIST_FILE = YES;
				MARKETING_VERSION = 1.0;
				PRODUCT_BUNDLE_IDENTIFIER = com.prahlad.CustomButtonUITests;
				PRODUCT_NAME = "$(TARGET_NAME)";
				SWIFT_EMIT_LOC_STRINGS = NO;
				SWIFT_VERSION = 5.0;
				TARGETED_DEVICE_FAMILY = "1,2";
				TEST_TARGET_NAME = CustomButton;
			};
			name = Debug;
		};
		6E6483032DCEB1EE00C60820 /* Release */ = {
			isa = XCBuildConfiguration;
			buildSettings = {
				CODE_SIGN_STYLE = Automatic;
				CURRENT_PROJECT_VERSION = 1;
				GENERATE_INFOPLIST_FILE = YES;
				MARKETING_VERSION = 1.0;
				PRODUCT_BUNDLE_IDENTIFIER = com.prahlad.CustomButtonUITests;
				PRODUCT_NAME = "$(TARGET_NAME)";
				SWIFT_EMIT_LOC_STRINGS = NO;
				SWIFT_VERSION = 5.0;
				TARGETED_DEVICE_FAMILY = "1,2";
				TEST_TARGET_NAME = CustomButton;
			};
			name = Release;
		};
/* End XCBuildConfiguration section */

/* Begin XCConfigurationList section */
		6E6482D52DCEB1ED00C60820 /* Build configuration list for PBXProject "CustomButton" */ = {
			isa = XCConfigurationList;
			buildConfigurations = (
				6E6482F92DCEB1EE00C60820 /* Debug */,
				6E6482FA2DCEB1EE00C60820 /* Release */,
			);
			defaultConfigurationIsVisible = 0;
			defaultConfigurationName = Release;
		};
		6E6482FB2DCEB1EE00C60820 /* Build configuration list for PBXNativeTarget "CustomButton" */ = {
			isa = XCConfigurationList;
			buildConfigurations = (
				6E6482FC2DCEB1EE00C60820 /* Debug */,
				6E6482FD2DCEB1EE00C60820 /* Release */,
			);
			defaultConfigurationIsVisible = 0;
			defaultConfigurationName = Release;
		};
		6E6482FE2DCEB1EE00C60820 /* Build configuration list for PBXNativeTarget "CustomButtonTests" */ = {
			isa = XCConfigurationList;
			buildConfigurations = (
				6E6482FF2DCEB1EE00C60820 /* Debug */,
				6E6483002DCEB1EE00C60820 /* Release */,
			);
			defaultConfigurationIsVisible = 0;
			defaultConfigurationName = Release;
		};
		6E6483012DCEB1EE00C60820 /* Build configuration list for PBXNativeTarget "CustomButtonUITests" */ = {
			isa = XCConfigurationList;
			buildConfigurations = (
				6E6483022DCEB1EE00C60820 /* Debug */,
				6E6483032DCEB1EE00C60820 /* Release */,
			);
			defaultConfigurationIsVisible = 0;
			defaultConfigurationName = Release;
		};
/* End XCConfigurationList section */
	};
	rootObject = 6E6482D22DCEB1ED00C60820 /* Project object */;
}
